
Microsoft Visual Studio Solution File, Format Version 12.00
# Visual Studio 14
VisualStudioVersion = 14.0.24720.0
MinimumVisualStudioVersion = 10.0.40219.1
Project("{FAE04EC0-301F-11D3-BF4B-00C04F79EFBC}") = "FormsMapsTestApp.Droid", "FormsMapsTestApp\FormsMapsTestApp.Droid\FormsMapsTestApp.Droid.csproj", "{359032D9-E759-4F6A-A6F9-013436506958}"
EndProject
Project("{FAE04EC0-301F-11D3-BF4B-00C04F79EFBC}") = "FormsMapsTestApp.iOS", "FormsMapsTestApp\FormsMapsTestApp.iOS\FormsMapsTestApp.iOS.csproj", "{A6505191-7F74-4A34-9BBB-67EB44EA6982}"
EndProject
Project("{FAE04EC0-301F-11D3-BF4B-00C04F79EFBC}") = "FormsMapsTestApp.WinPhone", "FormsMapsTestApp\FormsMapsTestApp.WinPhone\FormsMapsTestApp.WinPhone.csproj", "{E6A6F47D-E42C-463D-9ED1-18D8BBE0C2F0}"
EndProject
Project("{FAE04EC0-301F-11D3-BF4B-00C04F79EFBC}") = "FormsMapsTestApp", "FormsMapsTestApp\FormsMapsTestApp\FormsMapsTestApp.csproj", "{0B0F2A56-DF42-4DB8-8388-E6A5697A9064}"
EndProject
Global
	GlobalSection(SolutionConfigurationPlatforms) = preSolution
		Ad-Hoc|Any CPU = Ad-Hoc|Any CPU
		Ad-Hoc|ARM = Ad-Hoc|ARM
		Ad-Hoc|iPhone = Ad-Hoc|iPhone
		Ad-Hoc|iPhoneSimulator = Ad-Hoc|iPhoneSimulator
		Ad-Hoc|x86 = Ad-Hoc|x86
		AppStore|Any CPU = AppStore|Any CPU
		AppStore|ARM = AppStore|ARM
		AppStore|iPhone = AppStore|iPhone
		AppStore|iPhoneSimulator = AppStore|iPhoneSimulator
		AppStore|x86 = AppStore|x86
		Debug|Any CPU = Debug|Any CPU
		Debug|ARM = Debug|ARM
		Debug|iPhone = Debug|iPhone
		Debug|iPhoneSimulator = Debug|iPhoneSimulator
		Debug|x86 = Debug|x86
		Release|Any CPU = Release|Any CPU
		Release|ARM = Release|ARM
		Release|iPhone = Release|iPhone
		Release|iPhoneSimulator = Release|iPhoneSimulator
		Release|x86 = Release|x86
	EndGlobalSection
	GlobalSection(ProjectConfigurationPlatforms) = postSolution
		{359032D9-E759-4F6A-A6F9-013436506958}.Ad-Hoc|Any CPU.ActiveCfg = Release|Any CPU
		{359032D9-E759-4F6A-A6F9-013436506958}.Ad-Hoc|Any CPU.Build.0 = Release|Any CPU
		{359032D9-E759-4F6A-A6F9-013436506958}.Ad-Hoc|Any CPU.Deploy.0 = Release|Any CPU
		{359032D9-E759-4F6A-A6F9-013436506958}.Ad-Hoc|ARM.ActiveCfg = Release|Any CPU
		{359032D9-E759-4F6A-A6F9-013436506958}.Ad-Hoc|ARM.Build.0 = Release|Any CPU
		{359032D9-E759-4F6A-A6F9-013436506958}.Ad-Hoc|ARM.Deploy.0 = Release|Any CPU
		{359032D9-E759-4F6A-A6F9-013436506958}.Ad-Hoc|iPhone.ActiveCfg = Release|Any CPU
		{359032D9-E759-4F6A-A6F9-013436506958}.Ad-Hoc|iPhone.Build.0 = Release|Any CPU
		{359032D9-E759-4F6A-A6F9-013436506958}.Ad-Hoc|iPhone.Deploy.0 = Release|Any CPU
		{359032D9-E759-4F6A-A6F9-013436506958}.Ad-Hoc|iPhoneSimulator.ActiveCfg = Release|Any CPU
		{359032D9-E759-4F6A-A6F9-013436506958}.Ad-Hoc|iPhoneSimulator.Build.0 = Release|Any CPU
		{359032D9-E759-4F6A-A6F9-013436506958}.Ad-Hoc|iPhoneSimulator.Deploy.0 = Release|Any CPU
		{359032D9-E759-4F6A-A6F9-013436506958}.Ad-Hoc|x86.ActiveCfg = Release|Any CPU
		{359032D9-E759-4F6A-A6F9-013436506958}.Ad-Hoc|x86.Build.0 = Release|Any CPU
		{359032D9-E759-4F6A-A6F9-013436506958}.Ad-Hoc|x86.Deploy.0 = Release|Any CPU
		{359032D9-E759-4F6A-A6F9-013436506958}.AppStore|Any CPU.ActiveCfg = Release|Any CPU
		{359032D9-E759-4F6A-A6F9-013436506958}.AppStore|Any CPU.Build.0 = Release|Any CPU
		{359032D9-E759-4F6A-A6F9-013436506958}.AppStore|Any CPU.Deploy.0 = Release|Any CPU
		{359032D9-E759-4F6A-A6F9-013436506958}.AppStore|ARM.ActiveCfg = Release|Any CPU
		{359032D9-E759-4F6A-A6F9-013436506958}.AppStore|ARM.Build.0 = Release|Any CPU
		{359032D9-E759-4F6A-A6F9-013436506958}.AppStore|ARM.Deploy.0 = Release|Any CPU
		{359032D9-E759-4F6A-A6F9-013436506958}.AppStore|iPhone.ActiveCfg = Release|Any CPU
		{359032D9-E759-4F6A-A6F9-013436506958}.AppStore|iPhone.Build.0 = Release|Any CPU
		{359032D9-E759-4F6A-A6F9-013436506958}.AppStore|iPhone.Deploy.0 = Release|Any CPU
		{359032D9-E759-4F6A-A6F9-013436506958}.AppStore|iPhoneSimulator.ActiveCfg = Release|Any CPU
		{359032D9-E759-4F6A-A6F9-013436506958}.AppStore|iPhoneSimulator.Build.0 = Release|Any CPU
		{359032D9-E759-4F6A-A6F9-013436506958}.AppStore|iPhoneSimulator.Deploy.0 = Release|Any CPU
		{359032D9-E759-4F6A-A6F9-013436506958}.AppStore|x86.ActiveCfg = Release|Any CPU
		{359032D9-E759-4F6A-A6F9-013436506958}.AppStore|x86.Build.0 = Release|Any CPU
		{359032D9-E759-4F6A-A6F9-013436506958}.AppStore|x86.Deploy.0 = Release|Any CPU
		{359032D9-E759-4F6A-A6F9-013436506958}.Debug|Any CPU.ActiveCfg = Debug|Any CPU
		{359032D9-E759-4F6A-A6F9-013436506958}.Debug|Any CPU.Build.0 = Debug|Any CPU
		{359032D9-E759-4F6A-A6F9-013436506958}.Debug|Any CPU.Deploy.0 = Debug|Any CPU
		{359032D9-E759-4F6A-A6F9-013436506958}.Debug|ARM.ActiveCfg = Debug|Any CPU
		{359032D9-E759-4F6A-A6F9-013436506958}.Debug|ARM.Build.0 = Debug|Any CPU
		{359032D9-E759-4F6A-A6F9-013436506958}.Debug|ARM.Deploy.0 = Debug|Any CPU
		{359032D9-E759-4F6A-A6F9-013436506958}.Debug|iPhone.ActiveCfg = Debug|Any CPU
		{359032D9-E759-4F6A-A6F9-013436506958}.Debug|iPhone.Build.0 = Debug|Any CPU
		{359032D9-E759-4F6A-A6F9-013436506958}.Debug|iPhone.Deploy.0 = Debug|Any CPU
		{359032D9-E759-4F6A-A6F9-013436506958}.Debug|iPhoneSimulator.ActiveCfg = Debug|Any CPU
		{359032D9-E759-4F6A-A6F9-013436506958}.Debug|iPhoneSimulator.Build.0 = Debug|Any CPU
		{359032D9-E759-4F6A-A6F9-013436506958}.Debug|iPhoneSimulator.Deploy.0 = Debug|Any CPU
		{359032D9-E759-4F6A-A6F9-013436506958}.Debug|x86.ActiveCfg = Debug|Any CPU
		{359032D9-E759-4F6A-A6F9-013436506958}.Debug|x86.Build.0 = Debug|Any CPU
		{359032D9-E759-4F6A-A6F9-013436506958}.Debug|x86.Deploy.0 = Debug|Any CPU
		{359032D9-E759-4F6A-A6F9-013436506958}.Release|Any CPU.ActiveCfg = Release|Any CPU
		{359032D9-E759-4F6A-A6F9-013436506958}.Release|Any CPU.Build.0 = Release|Any CPU
		{359032D9-E759-4F6A-A6F9-013436506958}.Release|Any CPU.Deploy.0 = Release|Any CPU
		{359032D9-E759-4F6A-A6F9-013436506958}.Release|ARM.ActiveCfg = Release|Any CPU
		{359032D9-E759-4F6A-A6F9-013436506958}.Release|ARM.Build.0 = Release|Any CPU
		{359032D9-E759-4F6A-A6F9-013436506958}.Release|ARM.Deploy.0 = Release|Any CPU
		{359032D9-E759-4F6A-A6F9-013436506958}.Release|iPhone.ActiveCfg = Release|Any CPU
		{359032D9-E759-4F6A-A6F9-013436506958}.Release|iPhone.Build.0 = Release|Any CPU
		{359032D9-E759-4F6A-A6F9-013436506958}.Release|iPhone.Deploy.0 = Release|Any CPU
		{359032D9-E759-4F6A-A6F9-013436506958}.Release|iPhoneSimulator.ActiveCfg = Release|Any CPU
		{359032D9-E759-4F6A-A6F9-013436506958}.Release|iPhoneSimulator.Build.0 = Release|Any CPU
		{359032D9-E759-4F6A-A6F9-013436506958}.Release|iPhoneSimulator.Deploy.0 = Release|Any CPU
		{359032D9-E759-4F6A-A6F9-013436506958}.Release|x86.ActiveCfg = Release|Any CPU
		{359032D9-E759-4F6A-A6F9-013436506958}.Release|x86.Build.0 = Release|Any CPU
		{359032D9-E759-4F6A-A6F9-013436506958}.Release|x86.Deploy.0 = Release|Any CPU
		{A6505191-7F74-4A34-9BBB-67EB44EA6982}.Ad-Hoc|Any CPU.ActiveCfg = Ad-Hoc|iPhone
		{A6505191-7F74-4A34-9BBB-67EB44EA6982}.Ad-Hoc|ARM.ActiveCfg = Ad-Hoc|iPhone
		{A6505191-7F74-4A34-9BBB-67EB44EA6982}.Ad-Hoc|iPhone.ActiveCfg = Ad-Hoc|iPhone
		{A6505191-7F74-4A34-9BBB-67EB44EA6982}.Ad-Hoc|iPhone.Build.0 = Ad-Hoc|iPhone
		{A6505191-7F74-4A34-9BBB-67EB44EA6982}.Ad-Hoc|iPhoneSimulator.ActiveCfg = Ad-Hoc|iPhoneSimulator
		{A6505191-7F74-4A34-9BBB-67EB44EA6982}.Ad-Hoc|iPhoneSimulator.Build.0 = Ad-Hoc|iPhoneSimulator
		{A6505191-7F74-4A34-9BBB-67EB44EA6982}.Ad-Hoc|x86.ActiveCfg = Ad-Hoc|iPhone
		{A6505191-7F74-4A34-9BBB-67EB44EA6982}.AppStore|Any CPU.ActiveCfg = AppStore|iPhone
		{A6505191-7F74-4A34-9BBB-67EB44EA6982}.AppStore|ARM.ActiveCfg = AppStore|iPhone
		{A6505191-7F74-4A34-9BBB-67EB44EA6982}.AppStore|iPhone.ActiveCfg = AppStore|iPhone
		{A6505191-7F74-4A34-9BBB-67EB44EA6982}.AppStore|iPhone.Build.0 = AppStore|iPhone
		{A6505191-7F74-4A34-9BBB-67EB44EA6982}.AppStore|iPhoneSimulator.ActiveCfg = AppStore|iPhoneSimulator
		{A6505191-7F74-4A34-9BBB-67EB44EA6982}.AppStore|iPhoneSimulator.Build.0 = AppStore|iPhoneSimulator
		{A6505191-7F74-4A34-9BBB-67EB44EA6982}.AppStore|x86.ActiveCfg = AppStore|iPhone
		{A6505191-7F74-4A34-9BBB-67EB44EA6982}.Debug|Any CPU.ActiveCfg = Debug|iPhone
		{A6505191-7F74-4A34-9BBB-67EB44EA6982}.Debug|ARM.ActiveCfg = Debug|iPhone
		{A6505191-7F74-4A34-9BBB-67EB44EA6982}.Debug|iPhone.ActiveCfg = Debug|iPhone
		{A6505191-7F74-4A34-9BBB-67EB44EA6982}.Debug|iPhone.Build.0 = Debug|iPhone
		{A6505191-7F74-4A34-9BBB-67EB44EA6982}.Debug|iPhoneSimulator.ActiveCfg = Debug|iPhoneSimulator
		{A6505191-7F74-4A34-9BBB-67EB44EA6982}.Debug|iPhoneSimulator.Build.0 = Debug|iPhoneSimulator
		{A6505191-7F74-4A34-9BBB-67EB44EA6982}.Debug|x86.ActiveCfg = Debug|iPhone
		{A6505191-7F74-4A34-9BBB-67EB44EA6982}.Release|Any CPU.ActiveCfg = Release|iPhone
		{A6505191-7F74-4A34-9BBB-67EB44EA6982}.Release|ARM.ActiveCfg = Release|iPhone
		{A6505191-7F74-4A34-9BBB-67EB44EA6982}.Release|iPhone.ActiveCfg = Release|iPhone
		{A6505191-7F74-4A34-9BBB-67EB44EA6982}.Release|iPhone.Build.0 = Release|iPhone
		{A6505191-7F74-4A34-9BBB-67EB44EA6982}.Release|iPhoneSimulator.ActiveCfg = Release|iPhoneSimulator
		{A6505191-7F74-4A34-9BBB-67EB44EA6982}.Release|iPhoneSimulator.Build.0 = Release|iPhoneSimulator
		{A6505191-7F74-4A34-9BBB-67EB44EA6982}.Release|x86.ActiveCfg = Release|iPhone
		{E6A6F47D-E42C-463D-9ED1-18D8BBE0C2F0}.Ad-Hoc|Any CPU.ActiveCfg = Release|Any CPU
		{E6A6F47D-E42C-463D-9ED1-18D8BBE0C2F0}.Ad-Hoc|Any CPU.Build.0 = Release|Any CPU
		{E6A6F47D-E42C-463D-9ED1-18D8BBE0C2F0}.Ad-Hoc|Any CPU.Deploy.0 = Release|Any CPU
		{E6A6F47D-E42C-463D-9ED1-18D8BBE0C2F0}.Ad-Hoc|ARM.ActiveCfg = Release|ARM
		{E6A6F47D-E42C-463D-9ED1-18D8BBE0C2F0}.Ad-Hoc|ARM.Build.0 = Release|ARM
		{E6A6F47D-E42C-463D-9ED1-18D8BBE0C2F0}.Ad-Hoc|ARM.Deploy.0 = Release|ARM
		{E6A6F47D-E42C-463D-9ED1-18D8BBE0C2F0}.Ad-Hoc|iPhone.ActiveCfg = Release|Any CPU
		{E6A6F47D-E42C-463D-9ED1-18D8BBE0C2F0}.Ad-Hoc|iPhone.Build.0 = Release|Any CPU
		{E6A6F47D-E42C-463D-9ED1-18D8BBE0C2F0}.Ad-Hoc|iPhone.Deploy.0 = Release|Any CPU
		{E6A6F47D-E42C-463D-9ED1-18D8BBE0C2F0}.Ad-Hoc|iPhoneSimulator.ActiveCfg = Release|Any CPU
		{E6A6F47D-E42C-463D-9ED1-18D8BBE0C2F0}.Ad-Hoc|iPhoneSimulator.Build.0 = Release|Any CPU
		{E6A6F47D-E42C-463D-9ED1-18D8BBE0C2F0}.Ad-Hoc|iPhoneSimulator.Deploy.0 = Release|Any CPU
		{E6A6F47D-E42C-463D-9ED1-18D8BBE0C2F0}.Ad-Hoc|x86.ActiveCfg = Release|x86
		{E6A6F47D-E42C-463D-9ED1-18D8BBE0C2F0}.Ad-Hoc|x86.Build.0 = Release|x86
		{E6A6F47D-E42C-463D-9ED1-18D8BBE0C2F0}.Ad-Hoc|x86.Deploy.0 = Release|x86
		{E6A6F47D-E42C-463D-9ED1-18D8BBE0C2F0}.AppStore|Any CPU.ActiveCfg = Release|Any CPU
		{E6A6F47D-E42C-463D-9ED1-18D8BBE0C2F0}.AppStore|Any CPU.Build.0 = Release|Any CPU
		{E6A6F47D-E42C-463D-9ED1-18D8BBE0C2F0}.AppStore|Any CPU.Deploy.0 = Release|Any CPU
		{E6A6F47D-E42C-463D-9ED1-18D8BBE0C2F0}.AppStore|ARM.ActiveCfg = Release|ARM
		{E6A6F47D-E42C-463D-9ED1-18D8BBE0C2F0}.AppStore|ARM.Build.0 = Release|ARM
		{E6A6F47D-E42C-463D-9ED1-18D8BBE0C2F0}.AppStore|ARM.Deploy.0 = Release|ARM
		{E6A6F47D-E42C-463D-9ED1-18D8BBE0C2F0}.AppStore|iPhone.ActiveCfg = Release|Any CPU
		{E6A6F47D-E42C-463D-9ED1-18D8BBE0C2F0}.AppStore|iPhone.Build.0 = Release|Any CPU
		{E6A6F47D-E42C-463D-9ED1-18D8BBE0C2F0}.AppStore|iPhone.Deploy.0 = Release|Any CPU
		{E6A6F47D-E42C-463D-9ED1-18D8BBE0C2F0}.AppStore|iPhoneSimulator.ActiveCfg = Release|Any CPU
		{E6A6F47D-E42C-463D-9ED1-18D8BBE0C2F0}.AppStore|iPhoneSimulator.Build.0 = Release|Any CPU
		{E6A6F47D-E42C-463D-9ED1-18D8BBE0C2F0}.AppStore|iPhoneSimulator.Deploy.0 = Release|Any CPU
		{E6A6F47D-E42C-463D-9ED1-18D8BBE0C2F0}.AppStore|x86.ActiveCfg = Release|x86
		{E6A6F47D-E42C-463D-9ED1-18D8BBE0C2F0}.AppStore|x86.Build.0 = Release|x86
		{E6A6F47D-E42C-463D-9ED1-18D8BBE0C2F0}.AppStore|x86.Deploy.0 = Release|x86
		{E6A6F47D-E42C-463D-9ED1-18D8BBE0C2F0}.Debug|Any CPU.ActiveCfg = Debug|Any CPU
		{E6A6F47D-E42C-463D-9ED1-18D8BBE0C2F0}.Debug|Any CPU.Build.0 = Debug|Any CPU
		{E6A6F47D-E42C-463D-9ED1-18D8BBE0C2F0}.Debug|Any CPU.Deploy.0 = Debug|Any CPU
		{E6A6F47D-E42C-463D-9ED1-18D8BBE0C2F0}.Debug|ARM.ActiveCfg = Debug|ARM
		{E6A6F47D-E42C-463D-9ED1-18D8BBE0C2F0}.Debug|ARM.Build.0 = Debug|ARM
		{E6A6F47D-E42C-463D-9ED1-18D8BBE0C2F0}.Debug|ARM.Deploy.0 = Debug|ARM
		{E6A6F47D-E42C-463D-9ED1-18D8BBE0C2F0}.Debug|iPhone.ActiveCfg = Debug|Any CPU
		{E6A6F47D-E42C-463D-9ED1-18D8BBE0C2F0}.Debug|iPhone.Build.0 = Debug|Any CPU
		{E6A6F47D-E42C-463D-9ED1-18D8BBE0C2F0}.Debug|iPhone.Deploy.0 = Debug|Any CPU
		{E6A6F47D-E42C-463D-9ED1-18D8BBE0C2F0}.Debug|iPhoneSimulator.ActiveCfg = Debug|Any CPU
		{E6A6F47D-E42C-463D-9ED1-18D8BBE0C2F0}.Debug|iPhoneSimulator.Build.0 = Debug|Any CPU
		{E6A6F47D-E42C-463D-9ED1-18D8BBE0C2F0}.Debug|iPhoneSimulator.Deploy.0 = Debug|Any CPU
		{E6A6F47D-E42C-463D-9ED1-18D8BBE0C2F0}.Debug|x86.ActiveCfg = Debug|x86
		{E6A6F47D-E42C-463D-9ED1-18D8BBE0C2F0}.Debug|x86.Build.0 = Debug|x86
		{E6A6F47D-E42C-463D-9ED1-18D8BBE0C2F0}.Debug|x86.Deploy.0 = Debug|x86
		{E6A6F47D-E42C-463D-9ED1-18D8BBE0C2F0}.Release|Any CPU.ActiveCfg = Release|Any CPU
		{E6A6F47D-E42C-463D-9ED1-18D8BBE0C2F0}.Release|Any CPU.Build.0 = Release|Any CPU
		{E6A6F47D-E42C-463D-9ED1-18D8BBE0C2F0}.Release|Any CPU.Deploy.0 = Release|Any CPU
		{E6A6F47D-E42C-463D-9ED1-18D8BBE0C2F0}.Release|ARM.ActiveCfg = Release|ARM
		{E6A6F47D-E42C-463D-9ED1-18D8BBE0C2F0}.Release|ARM.Build.0 = Release|ARM
		{E6A6F47D-E42C-463D-9ED1-18D8BBE0C2F0}.Release|ARM.Deploy.0 = Release|ARM
		{E6A6F47D-E42C-463D-9ED1-18D8BBE0C2F0}.Release|iPhone.ActiveCfg = Release|Any CPU
		{E6A6F47D-E42C-463D-9ED1-18D8BBE0C2F0}.Release|iPhone.Build.0 = Release|Any CPU
		{E6A6F47D-E42C-463D-9ED1-18D8BBE0C2F0}.Release|iPhone.Deploy.0 = Release|Any CPU
		{E6A6F47D-E42C-463D-9ED1-18D8BBE0C2F0}.Release|iPhoneSimulator.ActiveCfg = Release|Any CPU
		{E6A6F47D-E42C-463D-9ED1-18D8BBE0C2F0}.Release|iPhoneSimulator.Build.0 = Release|Any CPU
		{E6A6F47D-E42C-463D-9ED1-18D8BBE0C2F0}.Release|iPhoneSimulator.Deploy.0 = Release|Any CPU
		{E6A6F47D-E42C-463D-9ED1-18D8BBE0C2F0}.Release|x86.ActiveCfg = Release|x86
		{E6A6F47D-E42C-463D-9ED1-18D8BBE0C2F0}.Release|x86.Build.0 = Release|x86
		{E6A6F47D-E42C-463D-9ED1-18D8BBE0C2F0}.Release|x86.Deploy.0 = Release|x86
		{0B0F2A56-DF42-4DB8-8388-E6A5697A9064}.Ad-Hoc|Any CPU.ActiveCfg = Release|Any CPU
		{0B0F2A56-DF42-4DB8-8388-E6A5697A9064}.Ad-Hoc|Any CPU.Build.0 = Release|Any CPU
		{0B0F2A56-DF42-4DB8-8388-E6A5697A9064}.Ad-Hoc|ARM.ActiveCfg = Release|Any CPU
		{0B0F2A56-DF42-4DB8-8388-E6A5697A9064}.Ad-Hoc|ARM.Build.0 = Release|Any CPU
		{0B0F2A56-DF42-4DB8-8388-E6A5697A9064}.Ad-Hoc|iPhone.ActiveCfg = Release|Any CPU
		{0B0F2A56-DF42-4DB8-8388-E6A5697A9064}.Ad-Hoc|iPhone.Build.0 = Release|Any CPU
		{0B0F2A56-DF42-4DB8-8388-E6A5697A9064}.Ad-Hoc|iPhoneSimulator.ActiveCfg = Release|Any CPU
		{0B0F2A56-DF42-4DB8-8388-E6A5697A9064}.Ad-Hoc|iPhoneSimulator.Build.0 = Release|Any CPU
		{0B0F2A56-DF42-4DB8-8388-E6A5697A9064}.Ad-Hoc|x86.ActiveCfg = Release|Any CPU
		{0B0F2A56-DF42-4DB8-8388-E6A5697A9064}.Ad-Hoc|x86.Build.0 = Release|Any CPU
		{0B0F2A56-DF42-4DB8-8388-E6A5697A9064}.AppStore|Any CPU.ActiveCfg = Release|Any CPU
		{0B0F2A56-DF42-4DB8-8388-E6A5697A9064}.AppStore|Any CPU.Build.0 = Release|Any CPU
		{0B0F2A56-DF42-4DB8-8388-E6A5697A9064}.AppStore|ARM.ActiveCfg = Release|Any CPU
		{0B0F2A56-DF42-4DB8-8388-E6A5697A9064}.AppStore|ARM.Build.0 = Release|Any CPU
		{0B0F2A56-DF42-4DB8-8388-E6A5697A9064}.AppStore|iPhone.ActiveCfg = Release|Any CPU
		{0B0F2A56-DF42-4DB8-8388-E6A5697A9064}.AppStore|iPhone.Build.0 = Release|Any CPU
		{0B0F2A56-DF42-4DB8-8388-E6A5697A9064}.AppStore|iPhoneSimulator.ActiveCfg = Release|Any CPU
		{0B0F2A56-DF42-4DB8-8388-E6A5697A9064}.AppStore|iPhoneSimulator.Build.0 = Release|Any CPU
		{0B0F2A56-DF42-4DB8-8388-E6A5697A9064}.AppStore|x86.ActiveCfg = Release|Any CPU
		{0B0F2A56-DF42-4DB8-8388-E6A5697A9064}.AppStore|x86.Build.0 = Release|Any CPU
		{0B0F2A56-DF42-4DB8-8388-E6A5697A9064}.Debug|Any CPU.ActiveCfg = Debug|Any CPU
		{0B0F2A56-DF42-4DB8-8388-E6A5697A9064}.Debug|Any CPU.Build.0 = Debug|Any CPU
		{0B0F2A56-DF42-4DB8-8388-E6A5697A9064}.Debug|ARM.ActiveCfg = Debug|Any CPU
		{0B0F2A56-DF42-4DB8-8388-E6A5697A9064}.Debug|ARM.Build.0 = Debug|Any CPU
		{0B0F2A56-DF42-4DB8-8388-E6A5697A9064}.Debug|iPhone.ActiveCfg = Debug|Any CPU
		{0B0F2A56-DF42-4DB8-8388-E6A5697A9064}.Debug|iPhone.Build.0 = Debug|Any CPU
		{0B0F2A56-DF42-4DB8-8388-E6A5697A9064}.Debug|iPhoneSimulator.ActiveCfg = Debug|Any CPU
		{0B0F2A56-DF42-4DB8-8388-E6A5697A9064}.Debug|iPhoneSimulator.Build.0 = Debug|Any CPU
		{0B0F2A56-DF42-4DB8-8388-E6A5697A9064}.Debug|x86.ActiveCfg = Debug|Any CPU
		{0B0F2A56-DF42-4DB8-8388-E6A5697A9064}.Debug|x86.Build.0 = Debug|Any CPU
		{0B0F2A56-DF42-4DB8-8388-E6A5697A9064}.Release|Any CPU.ActiveCfg = Release|Any CPU
		{0B0F2A56-DF42-4DB8-8388-E6A5697A9064}.Release|Any CPU.Build.0 = Release|Any CPU
		{0B0F2A56-DF42-4DB8-8388-E6A5697A9064}.Release|ARM.ActiveCfg = Release|Any CPU
		{0B0F2A56-DF42-4DB8-8388-E6A5697A9064}.Release|ARM.Build.0 = Release|Any CPU
		{0B0F2A56-DF42-4DB8-8388-E6A5697A9064}.Release|iPhone.ActiveCfg = Release|Any CPU
		{0B0F2A56-DF42-4DB8-8388-E6A5697A9064}.Release|iPhone.Build.0 = Release|Any CPU
		{0B0F2A56-DF42-4DB8-8388-E6A5697A9064}.Release|iPhoneSimulator.ActiveCfg = Release|Any CPU
		{0B0F2A56-DF42-4DB8-8388-E6A5697A9064}.Release|iPhoneSimulator.Build.0 = Release|Any CPU
		{0B0F2A56-DF42-4DB8-8388-E6A5697A9064}.Release|x86.ActiveCfg = Release|Any CPU
		{0B0F2A56-DF42-4DB8-8388-E6A5697A9064}.Release|x86.Build.0 = Release|Any CPU
	EndGlobalSection
	GlobalSection(SolutionProperties) = preSolution
		HideSolutionNode = FALSE
	EndGlobalSection
EndGlobal
